
Microsoft Visual Studio Solution File, Format Version 12.00
# Visual Studio Version 17
VisualStudioVersion = 17.3.32825.248
MinimumVisualStudioVersion = 10.0.40219.1
Project("{9A19103F-16F7-4668-BE54-9A1E7A4F7556}") = "DAL", "DAL\DAL.csproj", "{B2107015-05D5-4D53-8DAB-1949C9E2D264}"
EndProject
Project("{9A19103F-16F7-4668-BE54-9A1E7A4F7556}") = "ASClient", "ASClient\ASClient.csproj", "{08D1D598-FE28-4E99-BE46-7C4190234D62}"
EndProject
Project("{9A19103F-16F7-4668-BE54-9A1E7A4F7556}") = "RfidReader", "RfidReader\RfidReader.csproj", "{3A912344-4967-4C63-B42D-74672F89743C}"
EndProject
Project("{9A19103F-16F7-4668-BE54-9A1E7A4F7556}") = "AttendanceSystemConsole", "AttendanceSystemConsole\AttendanceSystemConsole.csproj", "{4555FFCE-0D1A-4507-BDF6-64D33BB4B812}"
EndProject
Global
	GlobalSection(SolutionConfigurationPlatforms) = preSolution
		Debug|Any CPU = Debug|Any CPU
		Release|Any CPU = Release|Any CPU
	EndGlobalSection
	GlobalSection(ProjectConfigurationPlatforms) = postSolution
		{B2107015-05D5-4D53-8DAB-1949C9E2D264}.Debug|Any CPU.ActiveCfg = Debug|Any CPU
		{B2107015-05D5-4D53-8DAB-1949C9E2D264}.Debug|Any CPU.Build.0 = Debug|Any CPU
		{B2107015-05D5-4D53-8DAB-1949C9E2D264}.Release|Any CPU.ActiveCfg = Release|Any CPU
		{B2107015-05D5-4D53-8DAB-1949C9E2D264}.Release|Any CPU.Build.0 = Release|Any CPU
		{08D1D598-FE28-4E99-BE46-7C4190234D62}.Debug|Any CPU.ActiveCfg = Debug|Any CPU
		{08D1D598-FE28-4E99-BE46-7C4190234D62}.Debug|Any CPU.Build.0 = Debug|Any CPU
		{08D1D598-FE28-4E99-BE46-7C4190234D62}.Release|Any CPU.ActiveCfg = Release|Any CPU
		{08D1D598-FE28-4E99-BE46-7C4190234D62}.Release|Any CPU.Build.0 = Release|Any CPU
		{3A912344-4967-4C63-B42D-74672F89743C}.Debug|Any CPU.ActiveCfg = Debug|Any CPU
		{3A912344-4967-4C63-B42D-74672F89743C}.Debug|Any CPU.Build.0 = Debug|Any CPU
		{3A912344-4967-4C63-B42D-74672F89743C}.Release|Any CPU.ActiveCfg = Release|Any CPU
		{3A912344-4967-4C63-B42D-74672F89743C}.Release|Any CPU.Build.0 = Release|Any CPU
		{4555FFCE-0D1A-4507-BDF6-64D33BB4B812}.Debug|Any CPU.ActiveCfg = Debug|Any CPU
		{4555FFCE-0D1A-4507-BDF6-64D33BB4B812}.Debug|Any CPU.Build.0 = Debug|Any CPU
		{4555FFCE-0D1A-4507-BDF6-64D33BB4B812}.Release|Any CPU.ActiveCfg = Release|Any CPU
		{4555FFCE-0D1A-4507-BDF6-64D33BB4B812}.Release|Any CPU.Build.0 = Release|Any CPU
	EndGlobalSection
	GlobalSection(SolutionProperties) = preSolution
		HideSolutionNode = FALSE
	EndGlobalSection
	GlobalSection(ExtensibilityGlobals) = postSolution
		SolutionGuid = {CE914445-2685-476F-A92B-9A28210E5925}
	EndGlobalSection
EndGlobal
